// !$*UTF8*$!
{
	archiveVersion = 1;
	classes = {
	};
	objectVersion = 51;
	objects = {

/* Begin PBXBuildFile section */
		1620DEA72495310D9E09EFDB /* Pods_BettingHub.framework in Frameworks */ = {isa = PBXBuildFile; fileRef = E07A6320D39728AEA85C3AA3 /* Pods_BettingHub.framework */; };
		1C083F50244E687B0010D719 /* Sport.swift in Sources */ = {isa = PBXBuildFile; fileRef = 1C083F4F244E687B0010D719 /* Sport.swift */; };
		1C22EF402450830E00A7543D /* CommentsTableView.swift in Sources */ = {isa = PBXBuildFile; fileRef = 1C22EF3F2450830E00A7543D /* CommentsTableView.swift */; };
		1C22EF422450838800A7543D /* CommentsTableViewModel.swift in Sources */ = {isa = PBXBuildFile; fileRef = 1C22EF412450838800A7543D /* CommentsTableViewModel.swift */; };
		1C22EF442450884E00A7543D /* CommentsTableViewPresenter.swift in Sources */ = {isa = PBXBuildFile; fileRef = 1C22EF432450884E00A7543D /* CommentsTableViewPresenter.swift */; };
		1C22EF462450899C00A7543D /* CommentCell.swift in Sources */ = {isa = PBXBuildFile; fileRef = 1C22EF452450899C00A7543D /* CommentCell.swift */; };
		1C25F83E244DD8C600A24F31 /* LabelWithInsets.swift in Sources */ = {isa = PBXBuildFile; fileRef = 1C25F83D244DD8C600A24F31 /* LabelWithInsets.swift */; };
		1C25F841244DE4A700A24F31 /* Device.swift in Sources */ = {isa = PBXBuildFile; fileRef = 1C25F840244DE4A700A24F31 /* Device.swift */; };
		1C25F844244DEC3400A24F31 /* ForecastsView.swift in Sources */ = {isa = PBXBuildFile; fileRef = 1C25F843244DEC3400A24F31 /* ForecastsView.swift */; };
		1C25F846244DF30A00A24F31 /* ForecastsViewController.swift in Sources */ = {isa = PBXBuildFile; fileRef = 1C25F845244DF30A00A24F31 /* ForecastsViewController.swift */; };
		1C25F848244DF56C00A24F31 /* ForecastsHeader.swift in Sources */ = {isa = PBXBuildFile; fileRef = 1C25F847244DF56C00A24F31 /* ForecastsHeader.swift */; };
		1C25F84D244E16A000A24F31 /* MainCellsProvider.swift in Sources */ = {isa = PBXBuildFile; fileRef = 1C25F84B244E16A000A24F31 /* MainCellsProvider.swift */; };
		1C25F84E244E16A000A24F31 /* MainScreenDataProvider.swift in Sources */ = {isa = PBXBuildFile; fileRef = 1C25F84C244E16A000A24F31 /* MainScreenDataProvider.swift */; };
		1C25F850244E191400A24F31 /* UIPreview.swift in Sources */ = {isa = PBXBuildFile; fileRef = 1C25F84F244E191400A24F31 /* UIPreview.swift */; };
		1C25F852244E195E00A24F31 /* TableViewPreviewDataSource.swift in Sources */ = {isa = PBXBuildFile; fileRef = 1C25F851244E195E00A24F31 /* TableViewPreviewDataSource.swift */; };
		1C2CFC082451D7E200E1071F /* TokenService.swift in Sources */ = {isa = PBXBuildFile; fileRef = 1C2CFC072451D7E200E1071F /* TokenService.swift */; };
		1C2CFC0A2451D88600E1071F /* AuthToken.swift in Sources */ = {isa = PBXBuildFile; fileRef = 1C2CFC092451D88600E1071F /* AuthToken.swift */; };
		1C2CFC0F2451DD3F00E1071F /* BHError.swift in Sources */ = {isa = PBXBuildFile; fileRef = 1C2CFC0E2451DD3F00E1071F /* BHError.swift */; };
		1C2CFC142451DF2A00E1071F /* AppInitializer.swift in Sources */ = {isa = PBXBuildFile; fileRef = 1C2CFC132451DF2A00E1071F /* AppInitializer.swift */; };
		1C2CFC192451DF7D00E1071F /* ServiceLocator.swift in Sources */ = {isa = PBXBuildFile; fileRef = 1C2CFC182451DF7D00E1071F /* ServiceLocator.swift */; };
		1C2CFC1B2451DFB600E1071F /* IAuthService.swift in Sources */ = {isa = PBXBuildFile; fileRef = 1C2CFC1A2451DFB600E1071F /* IAuthService.swift */; };
		1C2CFC1D2451DFC300E1071F /* AuthService.swift in Sources */ = {isa = PBXBuildFile; fileRef = 1C2CFC1C2451DFC300E1071F /* AuthService.swift */; };
		1C36FDE0244CD6A7002A3601 /* LastForecastsView.swift in Sources */ = {isa = PBXBuildFile; fileRef = 1C36FDDF244CD6A7002A3601 /* LastForecastsView.swift */; };
		1C36FDE2244CEE46002A3601 /* BigTitleHeader.swift in Sources */ = {isa = PBXBuildFile; fileRef = 1C36FDE1244CEE46002A3601 /* BigTitleHeader.swift */; };
		1C43E2CB244B90F3002CF7EB /* Match.swift in Sources */ = {isa = PBXBuildFile; fileRef = 1C43E2CA244B90F3002CF7EB /* Match.swift */; };
		1C43E2CD244B90FB002CF7EB /* Forecast.swift in Sources */ = {isa = PBXBuildFile; fileRef = 1C43E2CC244B90FB002CF7EB /* Forecast.swift */; };
		1C43E2CF244B9105002CF7EB /* Bookmaker.swift in Sources */ = {isa = PBXBuildFile; fileRef = 1C43E2CE244B9105002CF7EB /* Bookmaker.swift */; };
		1C43E2D1244B9415002CF7EB /* MainSection.swift in Sources */ = {isa = PBXBuildFile; fileRef = 1C43E2D0244B9415002CF7EB /* MainSection.swift */; };
		1C4516CF244E6F6500D636BC /* PanelSegmentedControl.swift in Sources */ = {isa = PBXBuildFile; fileRef = 1C4516CE244E6F6500D636BC /* PanelSegmentedControl.swift */; };
		1C4BAD74244F35C2008889CB /* FullForecastHeader.swift in Sources */ = {isa = PBXBuildFile; fileRef = 1C4BAD73244F35C2008889CB /* FullForecastHeader.swift */; };
		1C4BAD76244F3841008889CB /* TeamsVersusView.swift in Sources */ = {isa = PBXBuildFile; fileRef = 1C4BAD75244F3841008889CB /* TeamsVersusView.swift */; };
		1C56120D245646BD00D02DBB /* ForecastService.swift in Sources */ = {isa = PBXBuildFile; fileRef = 1C56120C245646BD00D02DBB /* ForecastService.swift */; };
		1C56120F245646D300D02DBB /* IForecastService.swift in Sources */ = {isa = PBXBuildFile; fileRef = 1C56120E245646D300D02DBB /* IForecastService.swift */; };
		1C5612112456592D00D02DBB /* ForecastFilter.swift in Sources */ = {isa = PBXBuildFile; fileRef = 1C5612102456592D00D02DBB /* ForecastFilter.swift */; };
		1C5612132456744200D02DBB /* UITableView.swift in Sources */ = {isa = PBXBuildFile; fileRef = 1C5612122456744200D02DBB /* UITableView.swift */; };
		1C56121524567EA300D02DBB /* ForecastsRouter.swift in Sources */ = {isa = PBXBuildFile; fileRef = 1C56121424567EA300D02DBB /* ForecastsRouter.swift */; };
		1C5612172456854000D02DBB /* MainScreenInteractor.swift in Sources */ = {isa = PBXBuildFile; fileRef = 1C5612162456854000D02DBB /* MainScreenInteractor.swift */; };
		1C56121B24575F5C00D02DBB /* MenuViewController.swift in Sources */ = {isa = PBXBuildFile; fileRef = 1C56121A24575F5C00D02DBB /* MenuViewController.swift */; };
		1C56121D24575F8900D02DBB /* MenuPannel.swift in Sources */ = {isa = PBXBuildFile; fileRef = 1C56121C24575F8900D02DBB /* MenuPannel.swift */; };
		1C56121F245767E900D02DBB /* MenuView.swift in Sources */ = {isa = PBXBuildFile; fileRef = 1C56121E245767E900D02DBB /* MenuView.swift */; };
		1C56122224579EE400D02DBB /* BookmakersViewController.swift in Sources */ = {isa = PBXBuildFile; fileRef = 1C56122124579EE400D02DBB /* BookmakersViewController.swift */; };
		1C5612242457A17900D02DBB /* TitleWithColumnsHeader.swift in Sources */ = {isa = PBXBuildFile; fileRef = 1C5612232457A17900D02DBB /* TitleWithColumnsHeader.swift */; };
		1C5612262457A5B100D02DBB /* BookmakersViewModel.swift in Sources */ = {isa = PBXBuildFile; fileRef = 1C5612252457A5B100D02DBB /* BookmakersViewModel.swift */; };
		1C5612292457C0CF00D02DBB /* MatchesViewController.swift in Sources */ = {isa = PBXBuildFile; fileRef = 1C5612282457C0CF00D02DBB /* MatchesViewController.swift */; };
		1C56122B2457C18600D02DBB /* MatchesViewModel.swift in Sources */ = {isa = PBXBuildFile; fileRef = 1C56122A2457C18600D02DBB /* MatchesViewModel.swift */; };
		1C5B0C07244F90880075F95B /* SubscribeButton.swift in Sources */ = {isa = PBXBuildFile; fileRef = 1C5B0C06244F90880075F95B /* SubscribeButton.swift */; };
		1C5E3A1B244E4169007F5E0E /* SelectionControll.swift in Sources */ = {isa = PBXBuildFile; fileRef = 1C5E3A1A244E4169007F5E0E /* SelectionControll.swift */; };
		1C6608F82449E1C3007E9BEB /* TopForecastersView.swift in Sources */ = {isa = PBXBuildFile; fileRef = 1C6608F72449E1C3007E9BEB /* TopForecastersView.swift */; };
		1C6608FB2449E388007E9BEB /* TopForecasterCell.swift in Sources */ = {isa = PBXBuildFile; fileRef = 1C6608FA2449E388007E9BEB /* TopForecasterCell.swift */; };
		1C6937B12450FEB900AE01BE /* HttpClient.swift in Sources */ = {isa = PBXBuildFile; fileRef = 1C6937AE2450FEB800AE01BE /* HttpClient.swift */; };
		1C6937B22450FEB900AE01BE /* IHttpClient.swift in Sources */ = {isa = PBXBuildFile; fileRef = 1C6937AF2450FEB800AE01BE /* IHttpClient.swift */; };
		1C6937B42450FEDD00AE01BE /* ITokenService.swift in Sources */ = {isa = PBXBuildFile; fileRef = 1C6937B32450FEDD00AE01BE /* ITokenService.swift */; };
		1C6937B7245101F000AE01BE /* IRequestBuilder.swift in Sources */ = {isa = PBXBuildFile; fileRef = 1C6937B6245101F000AE01BE /* IRequestBuilder.swift */; };
		1C6937B9245109D000AE01BE /* RequestBuilder.swift in Sources */ = {isa = PBXBuildFile; fileRef = 1C6937B8245109D000AE01BE /* RequestBuilder.swift */; };
		1C779B8C244F2F26008C1FDB /* FullForecastViewController.swift in Sources */ = {isa = PBXBuildFile; fileRef = 1C779B8B244F2F26008C1FDB /* FullForecastViewController.swift */; };
		1C7A356C2448E15A00E3AB9B /* NavigationBackView.swift in Sources */ = {isa = PBXBuildFile; fileRef = 1C7A356B2448E15A00E3AB9B /* NavigationBackView.swift */; };
		1C7A356E2448E4F500E3AB9B /* BettingNavigationBar.swift in Sources */ = {isa = PBXBuildFile; fileRef = 1C7A356D2448E4F500E3AB9B /* BettingNavigationBar.swift */; };
		1C9134802447497E00AE4510 /* UIItems.swift in Sources */ = {isa = PBXBuildFile; fileRef = 1C91347F2447497E00AE4510 /* UIItems.swift */; };
		1C91348224475A7B00AE4510 /* UITextField.swift in Sources */ = {isa = PBXBuildFile; fileRef = 1C91348124475A7B00AE4510 /* UITextField.swift */; };
		1C91348424476ABD00AE4510 /* BorderedTextField.swift in Sources */ = {isa = PBXBuildFile; fileRef = 1C91348324476ABD00AE4510 /* BorderedTextField.swift */; };
		1C9134862447837F00AE4510 /* SocialButton.swift in Sources */ = {isa = PBXBuildFile; fileRef = 1C9134852447837F00AE4510 /* SocialButton.swift */; };
		1C91348A2447A39C00AE4510 /* ErrorView.swift in Sources */ = {isa = PBXBuildFile; fileRef = 1C9134892447A39C00AE4510 /* ErrorView.swift */; };
		1C91348D2448B07D00AE4510 /* MainView.swift in Sources */ = {isa = PBXBuildFile; fileRef = 1C91348C2448B07D00AE4510 /* MainView.swift */; };
		1C91348F2448B08500AE4510 /* MainViewController.swift in Sources */ = {isa = PBXBuildFile; fileRef = 1C91348E2448B08500AE4510 /* MainViewController.swift */; };
		1C97686C2453483500C11AF0 /* TimeFrame.swift in Sources */ = {isa = PBXBuildFile; fileRef = 1C97686B2453483500C11AF0 /* TimeFrame.swift */; };
		1C9768702453712900C11AF0 /* ForecastsViewModel.swift in Sources */ = {isa = PBXBuildFile; fileRef = 1C97686F2453712900C11AF0 /* ForecastsViewModel.swift */; };
		1CA01F662451F6400025FF4F /* LoginPresenter.swift in Sources */ = {isa = PBXBuildFile; fileRef = 1CA01F652451F6400025FF4F /* LoginPresenter.swift */; };
		1CA01F6A2451F9E70025FF4F /* LoginRouter.swift in Sources */ = {isa = PBXBuildFile; fileRef = 1CA01F692451F9E70025FF4F /* LoginRouter.swift */; };
		1CA01F6C2451FA6F0025FF4F /* AppCoordinator.swift in Sources */ = {isa = PBXBuildFile; fileRef = 1CA01F6B2451FA6F0025FF4F /* AppCoordinator.swift */; };
		1CA01F6F24521B1F0025FF4F /* MainTabBarController.swift in Sources */ = {isa = PBXBuildFile; fileRef = 1CA01F6E24521B1F0025FF4F /* MainTabBarController.swift */; };
		1CA01F78245263920025FF4F /* MainScreenRouter.swift in Sources */ = {isa = PBXBuildFile; fileRef = 1CA01F77245263920025FF4F /* MainScreenRouter.swift */; };
		1CABD5E0244CA52D0039D99C /* ForecastCell.swift in Sources */ = {isa = PBXBuildFile; fileRef = 1CABD5DF244CA52D0039D99C /* ForecastCell.swift */; };
		1CABD5E2244CB37E0039D99C /* LabeledIconView.swift in Sources */ = {isa = PBXBuildFile; fileRef = 1CABD5E1244CB37E0039D99C /* LabeledIconView.swift */; };
		1CABD5E4244CB7570039D99C /* ArrowsStepperView.swift in Sources */ = {isa = PBXBuildFile; fileRef = 1CABD5E3244CB7570039D99C /* ArrowsStepperView.swift */; };
		1CABD5E7244CC9520039D99C /* ForecastCellPresenter.swift in Sources */ = {isa = PBXBuildFile; fileRef = 1CABD5E6244CC9520039D99C /* ForecastCellPresenter.swift */; };
		1CC4EF8A2447238D00D69C67 /* AppDelegate.swift in Sources */ = {isa = PBXBuildFile; fileRef = 1CC4EF892447238D00D69C67 /* AppDelegate.swift */; };
		1CC4EF932447239300D69C67 /* Assets.xcassets in Resources */ = {isa = PBXBuildFile; fileRef = 1CC4EF922447239300D69C67 /* Assets.xcassets */; };
		1CC4EF962447239300D69C67 /* LaunchScreen.storyboard in Resources */ = {isa = PBXBuildFile; fileRef = 1CC4EF942447239300D69C67 /* LaunchScreen.storyboard */; };
		1CC4EFA324472C7400D69C67 /* LoginViewController.swift in Sources */ = {isa = PBXBuildFile; fileRef = 1CC4EFA224472C7400D69C67 /* LoginViewController.swift */; };
		1CC4EFA524472C8300D69C67 /* LoginView.swift in Sources */ = {isa = PBXBuildFile; fileRef = 1CC4EFA424472C8300D69C67 /* LoginView.swift */; };
		1CC4EFAA244731DE00D69C67 /* InputView.swift in Sources */ = {isa = PBXBuildFile; fileRef = 1CC4EFA9244731DE00D69C67 /* InputView.swift */; };
		1CC4EFBA2447330600D69C67 /* Colors.swift in Sources */ = {isa = PBXBuildFile; fileRef = 1CC4EFB92447330600D69C67 /* Colors.swift */; };
		1CC4EFBC2447330D00D69C67 /* Text.swift in Sources */ = {isa = PBXBuildFile; fileRef = 1CC4EFBB2447330D00D69C67 /* Text.swift */; };
		1CC4EFBE2447331C00D69C67 /* Fonts.swift in Sources */ = {isa = PBXBuildFile; fileRef = 1CC4EFBD2447331C00D69C67 /* Fonts.swift */; };
		1CC4EFC32447339B00D69C67 /* UIColor.swift in Sources */ = {isa = PBXBuildFile; fileRef = 1CC4EFC22447339B00D69C67 /* UIColor.swift */; };
		1CC4EFC72447373A00D69C67 /* Roboto-Black.ttf in Resources */ = {isa = PBXBuildFile; fileRef = 1CC4EFAD244732DE00D69C67 /* Roboto-Black.ttf */; };
		1CC4EFC82447373A00D69C67 /* Roboto-BlackItalic.ttf in Resources */ = {isa = PBXBuildFile; fileRef = 1CC4EFB1244732E000D69C67 /* Roboto-BlackItalic.ttf */; };
		1CC4EFC92447373A00D69C67 /* Roboto-Bold.ttf in Resources */ = {isa = PBXBuildFile; fileRef = 1CC4EFB5244732E100D69C67 /* Roboto-Bold.ttf */; };
		1CC4EFCA2447373A00D69C67 /* Roboto-BoldItalic.ttf in Resources */ = {isa = PBXBuildFile; fileRef = 1CC4EFAC244732DE00D69C67 /* Roboto-BoldItalic.ttf */; };
		1CC4EFCB2447373A00D69C67 /* Roboto-Italic.ttf in Resources */ = {isa = PBXBuildFile; fileRef = 1CC4EFB6244732E100D69C67 /* Roboto-Italic.ttf */; };
		1CC4EFCC2447373A00D69C67 /* Roboto-Light.ttf in Resources */ = {isa = PBXBuildFile; fileRef = 1CC4EFB7244732E200D69C67 /* Roboto-Light.ttf */; };
		1CC4EFCD2447373A00D69C67 /* Roboto-LightItalic.ttf in Resources */ = {isa = PBXBuildFile; fileRef = 1CC4EFB3244732E000D69C67 /* Roboto-LightItalic.ttf */; };
		1CC4EFCE2447373A00D69C67 /* Roboto-Medium.ttf in Resources */ = {isa = PBXBuildFile; fileRef = 1CC4EFAF244732DF00D69C67 /* Roboto-Medium.ttf */; };
		1CC4EFCF2447373A00D69C67 /* Roboto-MediumItalic.ttf in Resources */ = {isa = PBXBuildFile; fileRef = 1CC4EFB4244732E100D69C67 /* Roboto-MediumItalic.ttf */; };
		1CC4EFD02447373A00D69C67 /* Roboto-Regular.ttf in Resources */ = {isa = PBXBuildFile; fileRef = 1CC4EFB2244732E000D69C67 /* Roboto-Regular.ttf */; };
		1CC4EFD12447373A00D69C67 /* Roboto-Thin.ttf in Resources */ = {isa = PBXBuildFile; fileRef = 1CC4EFAE244732DE00D69C67 /* Roboto-Thin.ttf */; };
		1CC4EFD22447373A00D69C67 /* Roboto-ThinItalic.ttf in Resources */ = {isa = PBXBuildFile; fileRef = 1CC4EFB0244732DF00D69C67 /* Roboto-ThinItalic.ttf */; };
		1CC4EFD32447374300D69C67 /* Localizable.strings in Resources */ = {isa = PBXBuildFile; fileRef = 1CC4EFD52447374300D69C67 /* Localizable.strings */; };
		1CC4EFD82447375B00D69C67 /* String.swift in Sources */ = {isa = PBXBuildFile; fileRef = 1CC4EFD72447375B00D69C67 /* String.swift */; };
		1CC4EFDE2447416900D69C67 /* BottomButton.swift in Sources */ = {isa = PBXBuildFile; fileRef = 1CC4EFDD2447416900D69C67 /* BottomButton.swift */; };
		1CCFB12C244B604C00F431BA /* UIViewController.swift in Sources */ = {isa = PBXBuildFile; fileRef = 1CCFB12B244B604C00F431BA /* UIViewController.swift */; };
		1CD0F1C5244F8A49008436CD /* ForecastInfoStackView.swift in Sources */ = {isa = PBXBuildFile; fileRef = 1CD0F1C4244F8A49008436CD /* ForecastInfoStackView.swift */; };
		1CEE8BDA2448B4BF007F2FDB /* UIView.swift in Sources */ = {isa = PBXBuildFile; fileRef = 1CEE8BD92448B4BF007F2FDB /* UIView.swift */; };
		1CEE8BDC2448BC5C007F2FDB /* NavigationController.swift in Sources */ = {isa = PBXBuildFile; fileRef = 1CEE8BDB2448BC5C007F2FDB /* NavigationController.swift */; };
		1CF225B1244B744C005D510D /* PanelCell.swift in Sources */ = {isa = PBXBuildFile; fileRef = 1CF225B0244B744C005D510D /* PanelCell.swift */; };
		1CF225B6244B7D74005D510D /* MatchCell.swift in Sources */ = {isa = PBXBuildFile; fileRef = 1CF225B4244B7D74005D510D /* MatchCell.swift */; };
		1CF225B9244B81EE005D510D /* PositivityLabel.swift in Sources */ = {isa = PBXBuildFile; fileRef = 1CF225B8244B81EE005D510D /* PositivityLabel.swift */; };
		1CF2C22A2449E41E00A7B0B8 /* Forecaster.swift in Sources */ = {isa = PBXBuildFile; fileRef = 1CF2C2292449E41E00A7B0B8 /* Forecaster.swift */; };
		1CF2C22C2449E57300A7B0B8 /* OrangeScrollIndicator.swift in Sources */ = {isa = PBXBuildFile; fileRef = 1CF2C22B2449E57300A7B0B8 /* OrangeScrollIndicator.swift */; };
		1CF2C22E2449F3AA00A7B0B8 /* ButtonFooter.swift in Sources */ = {isa = PBXBuildFile; fileRef = 1CF2C22D2449F3AA00A7B0B8 /* ButtonFooter.swift */; };
		1CF2C230244A0A5500A7B0B8 /* UIImageView.swift in Sources */ = {isa = PBXBuildFile; fileRef = 1CF2C22F244A0A5500A7B0B8 /* UIImageView.swift */; };
		1CF2C235244A0E6800A7B0B8 /* TopBookmakersHeaderView.swift in Sources */ = {isa = PBXBuildFile; fileRef = 1CF2C234244A0E6800A7B0B8 /* TopBookmakersHeaderView.swift */; };
		1CF2C237244A3C9A00A7B0B8 /* ColumnsHeaderView.swift in Sources */ = {isa = PBXBuildFile; fileRef = 1CF2C236244A3C9A00A7B0B8 /* ColumnsHeaderView.swift */; };
		1CF2C239244A473600A7B0B8 /* BookmakerCell.swift in Sources */ = {isa = PBXBuildFile; fileRef = 1CF2C238244A473600A7B0B8 /* BookmakerCell.swift */; };
		1CFE8263244E5837002326DB /* SwiftUI.framework in Frameworks */ = {isa = PBXBuildFile; fileRef = 1CFE8262244E5837002326DB /* SwiftUI.framework */; settings = {ATTRIBUTES = (Weak, ); }; };
		1CFE8265244E5DD2002326DB /* TimePicker.swift in Sources */ = {isa = PBXBuildFile; fileRef = 1CFE8264244E5DD2002326DB /* TimePicker.swift */; };
/* End PBXBuildFile section */

/* Begin PBXFileReference section */
		1C083F4F244E687B0010D719 /* Sport.swift */ = {isa = PBXFileReference; lastKnownFileType = sourcecode.swift; path = Sport.swift; sourceTree = "<group>"; };
		1C22EF3F2450830E00A7543D /* CommentsTableView.swift */ = {isa = PBXFileReference; lastKnownFileType = sourcecode.swift; path = CommentsTableView.swift; sourceTree = "<group>"; };
		1C22EF412450838800A7543D /* CommentsTableViewModel.swift */ = {isa = PBXFileReference; lastKnownFileType = sourcecode.swift; path = CommentsTableViewModel.swift; sourceTree = "<group>"; };
		1C22EF432450884E00A7543D /* CommentsTableViewPresenter.swift */ = {isa = PBXFileReference; lastKnownFileType = sourcecode.swift; path = CommentsTableViewPresenter.swift; sourceTree = "<group>"; };
		1C22EF452450899C00A7543D /* CommentCell.swift */ = {isa = PBXFileReference; lastKnownFileType = sourcecode.swift; path = CommentCell.swift; sourceTree = "<group>"; };
		1C25F83D244DD8C600A24F31 /* LabelWithInsets.swift */ = {isa = PBXFileReference; lastKnownFileType = sourcecode.swift; path = LabelWithInsets.swift; sourceTree = "<group>"; };
		1C25F840244DE4A700A24F31 /* Device.swift */ = {isa = PBXFileReference; lastKnownFileType = sourcecode.swift; path = Device.swift; sourceTree = "<group>"; };
		1C25F843244DEC3400A24F31 /* ForecastsView.swift */ = {isa = PBXFileReference; lastKnownFileType = sourcecode.swift; path = ForecastsView.swift; sourceTree = "<group>"; };
		1C25F845244DF30A00A24F31 /* ForecastsViewController.swift */ = {isa = PBXFileReference; lastKnownFileType = sourcecode.swift; path = ForecastsViewController.swift; sourceTree = "<group>"; };
		1C25F847244DF56C00A24F31 /* ForecastsHeader.swift */ = {isa = PBXFileReference; lastKnownFileType = sourcecode.swift; path = ForecastsHeader.swift; sourceTree = "<group>"; };
		1C25F84B244E16A000A24F31 /* MainCellsProvider.swift */ = {isa = PBXFileReference; fileEncoding = 4; lastKnownFileType = sourcecode.swift; path = MainCellsProvider.swift; sourceTree = "<group>"; };
		1C25F84C244E16A000A24F31 /* MainScreenDataProvider.swift */ = {isa = PBXFileReference; fileEncoding = 4; lastKnownFileType = sourcecode.swift; path = MainScreenDataProvider.swift; sourceTree = "<group>"; };
		1C25F84F244E191400A24F31 /* UIPreview.swift */ = {isa = PBXFileReference; lastKnownFileType = sourcecode.swift; path = UIPreview.swift; sourceTree = "<group>"; };
		1C25F851244E195E00A24F31 /* TableViewPreviewDataSource.swift */ = {isa = PBXFileReference; lastKnownFileType = sourcecode.swift; path = TableViewPreviewDataSource.swift; sourceTree = "<group>"; };
		1C2CFC072451D7E200E1071F /* TokenService.swift */ = {isa = PBXFileReference; lastKnownFileType = sourcecode.swift; path = TokenService.swift; sourceTree = "<group>"; };
		1C2CFC092451D88600E1071F /* AuthToken.swift */ = {isa = PBXFileReference; lastKnownFileType = sourcecode.swift; path = AuthToken.swift; sourceTree = "<group>"; };
		1C2CFC0E2451DD3F00E1071F /* BHError.swift */ = {isa = PBXFileReference; lastKnownFileType = sourcecode.swift; path = BHError.swift; sourceTree = "<group>"; };
		1C2CFC132451DF2A00E1071F /* AppInitializer.swift */ = {isa = PBXFileReference; lastKnownFileType = sourcecode.swift; path = AppInitializer.swift; sourceTree = "<group>"; };
		1C2CFC182451DF7D00E1071F /* ServiceLocator.swift */ = {isa = PBXFileReference; lastKnownFileType = sourcecode.swift; path = ServiceLocator.swift; sourceTree = "<group>"; };
		1C2CFC1A2451DFB600E1071F /* IAuthService.swift */ = {isa = PBXFileReference; lastKnownFileType = sourcecode.swift; path = IAuthService.swift; sourceTree = "<group>"; };
		1C2CFC1C2451DFC300E1071F /* AuthService.swift */ = {isa = PBXFileReference; lastKnownFileType = sourcecode.swift; path = AuthService.swift; sourceTree = "<group>"; };
		1C36FDDF244CD6A7002A3601 /* LastForecastsView.swift */ = {isa = PBXFileReference; lastKnownFileType = sourcecode.swift; path = LastForecastsView.swift; sourceTree = "<group>"; };
		1C36FDE1244CEE46002A3601 /* BigTitleHeader.swift */ = {isa = PBXFileReference; lastKnownFileType = sourcecode.swift; path = BigTitleHeader.swift; sourceTree = "<group>"; };
		1C43E2CA244B90F3002CF7EB /* Match.swift */ = {isa = PBXFileReference; lastKnownFileType = sourcecode.swift; path = Match.swift; sourceTree = "<group>"; };
		1C43E2CC244B90FB002CF7EB /* Forecast.swift */ = {isa = PBXFileReference; lastKnownFileType = sourcecode.swift; path = Forecast.swift; sourceTree = "<group>"; };
		1C43E2CE244B9105002CF7EB /* Bookmaker.swift */ = {isa = PBXFileReference; lastKnownFileType = sourcecode.swift; path = Bookmaker.swift; sourceTree = "<group>"; };
		1C43E2D0244B9415002CF7EB /* MainSection.swift */ = {isa = PBXFileReference; lastKnownFileType = sourcecode.swift; path = MainSection.swift; sourceTree = "<group>"; };
		1C4516CE244E6F6500D636BC /* PanelSegmentedControl.swift */ = {isa = PBXFileReference; lastKnownFileType = sourcecode.swift; path = PanelSegmentedControl.swift; sourceTree = "<group>"; };
		1C4BAD73244F35C2008889CB /* FullForecastHeader.swift */ = {isa = PBXFileReference; lastKnownFileType = sourcecode.swift; path = FullForecastHeader.swift; sourceTree = "<group>"; };
		1C4BAD75244F3841008889CB /* TeamsVersusView.swift */ = {isa = PBXFileReference; lastKnownFileType = sourcecode.swift; path = TeamsVersusView.swift; sourceTree = "<group>"; };
		1C56120C245646BD00D02DBB /* ForecastService.swift */ = {isa = PBXFileReference; lastKnownFileType = sourcecode.swift; path = ForecastService.swift; sourceTree = "<group>"; };
		1C56120E245646D300D02DBB /* IForecastService.swift */ = {isa = PBXFileReference; lastKnownFileType = sourcecode.swift; path = IForecastService.swift; sourceTree = "<group>"; };
		1C5612102456592D00D02DBB /* ForecastFilter.swift */ = {isa = PBXFileReference; lastKnownFileType = sourcecode.swift; path = ForecastFilter.swift; sourceTree = "<group>"; };
		1C5612122456744200D02DBB /* UITableView.swift */ = {isa = PBXFileReference; lastKnownFileType = sourcecode.swift; path = UITableView.swift; sourceTree = "<group>"; };
		1C56121424567EA300D02DBB /* ForecastsRouter.swift */ = {isa = PBXFileReference; lastKnownFileType = sourcecode.swift; path = ForecastsRouter.swift; sourceTree = "<group>"; };
		1C5612162456854000D02DBB /* MainScreenInteractor.swift */ = {isa = PBXFileReference; lastKnownFileType = sourcecode.swift; path = MainScreenInteractor.swift; sourceTree = "<group>"; };
		1C56121A24575F5C00D02DBB /* MenuViewController.swift */ = {isa = PBXFileReference; lastKnownFileType = sourcecode.swift; path = MenuViewController.swift; sourceTree = "<group>"; };
		1C56121C24575F8900D02DBB /* MenuPannel.swift */ = {isa = PBXFileReference; lastKnownFileType = sourcecode.swift; path = MenuPannel.swift; sourceTree = "<group>"; };
		1C56121E245767E900D02DBB /* MenuView.swift */ = {isa = PBXFileReference; lastKnownFileType = sourcecode.swift; path = MenuView.swift; sourceTree = "<group>"; };
		1C56122124579EE400D02DBB /* BookmakersViewController.swift */ = {isa = PBXFileReference; lastKnownFileType = sourcecode.swift; path = BookmakersViewController.swift; sourceTree = "<group>"; };
		1C5612232457A17900D02DBB /* TitleWithColumnsHeader.swift */ = {isa = PBXFileReference; lastKnownFileType = sourcecode.swift; path = TitleWithColumnsHeader.swift; sourceTree = "<group>"; };
		1C5612252457A5B100D02DBB /* BookmakersViewModel.swift */ = {isa = PBXFileReference; lastKnownFileType = sourcecode.swift; path = BookmakersViewModel.swift; sourceTree = "<group>"; };
		1C5612282457C0CF00D02DBB /* MatchesViewController.swift */ = {isa = PBXFileReference; lastKnownFileType = sourcecode.swift; path = MatchesViewController.swift; sourceTree = "<group>"; };
		1C56122A2457C18600D02DBB /* MatchesViewModel.swift */ = {isa = PBXFileReference; lastKnownFileType = sourcecode.swift; path = MatchesViewModel.swift; sourceTree = "<group>"; };
		1C5B0C06244F90880075F95B /* SubscribeButton.swift */ = {isa = PBXFileReference; lastKnownFileType = sourcecode.swift; path = SubscribeButton.swift; sourceTree = "<group>"; };
		1C5E3A1A244E4169007F5E0E /* SelectionControll.swift */ = {isa = PBXFileReference; lastKnownFileType = sourcecode.swift; path = SelectionControll.swift; sourceTree = "<group>"; };
		1C6608F72449E1C3007E9BEB /* TopForecastersView.swift */ = {isa = PBXFileReference; lastKnownFileType = sourcecode.swift; path = TopForecastersView.swift; sourceTree = "<group>"; };
		1C6608FA2449E388007E9BEB /* TopForecasterCell.swift */ = {isa = PBXFileReference; lastKnownFileType = sourcecode.swift; path = TopForecasterCell.swift; sourceTree = "<group>"; };
		1C6937AE2450FEB800AE01BE /* HttpClient.swift */ = {isa = PBXFileReference; fileEncoding = 4; lastKnownFileType = sourcecode.swift; path = HttpClient.swift; sourceTree = "<group>"; };
		1C6937AF2450FEB800AE01BE /* IHttpClient.swift */ = {isa = PBXFileReference; fileEncoding = 4; lastKnownFileType = sourcecode.swift; name = IHttpClient.swift; path = ../../../../../../../abchess/ABChess/Services/HttpClient/IHttpClient.swift; sourceTree = "<group>"; };
		1C6937B32450FEDD00AE01BE /* ITokenService.swift */ = {isa = PBXFileReference; lastKnownFileType = sourcecode.swift; path = ITokenService.swift; sourceTree = "<group>"; };
		1C6937B6245101F000AE01BE /* IRequestBuilder.swift */ = {isa = PBXFileReference; lastKnownFileType = sourcecode.swift; path = IRequestBuilder.swift; sourceTree = "<group>"; };
		1C6937B8245109D000AE01BE /* RequestBuilder.swift */ = {isa = PBXFileReference; lastKnownFileType = sourcecode.swift; path = RequestBuilder.swift; sourceTree = "<group>"; };
		1C779B8B244F2F26008C1FDB /* FullForecastViewController.swift */ = {isa = PBXFileReference; lastKnownFileType = sourcecode.swift; path = FullForecastViewController.swift; sourceTree = "<group>"; };
		1C7A356B2448E15A00E3AB9B /* NavigationBackView.swift */ = {isa = PBXFileReference; lastKnownFileType = sourcecode.swift; path = NavigationBackView.swift; sourceTree = "<group>"; };
		1C7A356D2448E4F500E3AB9B /* BettingNavigationBar.swift */ = {isa = PBXFileReference; fileEncoding = 4; lastKnownFileType = sourcecode.swift; path = BettingNavigationBar.swift; sourceTree = "<group>"; };
		1C91347F2447497E00AE4510 /* UIItems.swift */ = {isa = PBXFileReference; lastKnownFileType = sourcecode.swift; path = UIItems.swift; sourceTree = "<group>"; };
		1C91348124475A7B00AE4510 /* UITextField.swift */ = {isa = PBXFileReference; lastKnownFileType = sourcecode.swift; path = UITextField.swift; sourceTree = "<group>"; };
		1C91348324476ABD00AE4510 /* BorderedTextField.swift */ = {isa = PBXFileReference; lastKnownFileType = sourcecode.swift; path = BorderedTextField.swift; sourceTree = "<group>"; };
		1C9134852447837F00AE4510 /* SocialButton.swift */ = {isa = PBXFileReference; lastKnownFileType = sourcecode.swift; path = SocialButton.swift; sourceTree = "<group>"; };
		1C9134892447A39C00AE4510 /* ErrorView.swift */ = {isa = PBXFileReference; lastKnownFileType = sourcecode.swift; path = ErrorView.swift; sourceTree = "<group>"; };
		1C91348C2448B07D00AE4510 /* MainView.swift */ = {isa = PBXFileReference; lastKnownFileType = sourcecode.swift; path = MainView.swift; sourceTree = "<group>"; };
		1C91348E2448B08500AE4510 /* MainViewController.swift */ = {isa = PBXFileReference; lastKnownFileType = sourcecode.swift; path = MainViewController.swift; sourceTree = "<group>"; };
		1C97686B2453483500C11AF0 /* TimeFrame.swift */ = {isa = PBXFileReference; lastKnownFileType = sourcecode.swift; path = TimeFrame.swift; sourceTree = "<group>"; };
		1C97686F2453712900C11AF0 /* ForecastsViewModel.swift */ = {isa = PBXFileReference; lastKnownFileType = sourcecode.swift; path = ForecastsViewModel.swift; sourceTree = "<group>"; };
		1CA01F652451F6400025FF4F /* LoginPresenter.swift */ = {isa = PBXFileReference; lastKnownFileType = sourcecode.swift; path = LoginPresenter.swift; sourceTree = "<group>"; };
		1CA01F692451F9E70025FF4F /* LoginRouter.swift */ = {isa = PBXFileReference; lastKnownFileType = sourcecode.swift; path = LoginRouter.swift; sourceTree = "<group>"; };
		1CA01F6B2451FA6F0025FF4F /* AppCoordinator.swift */ = {isa = PBXFileReference; lastKnownFileType = sourcecode.swift; path = AppCoordinator.swift; sourceTree = "<group>"; };
		1CA01F6E24521B1F0025FF4F /* MainTabBarController.swift */ = {isa = PBXFileReference; lastKnownFileType = sourcecode.swift; path = MainTabBarController.swift; sourceTree = "<group>"; };
		1CA01F77245263920025FF4F /* MainScreenRouter.swift */ = {isa = PBXFileReference; lastKnownFileType = sourcecode.swift; path = MainScreenRouter.swift; sourceTree = "<group>"; };
		1CABD5DF244CA52D0039D99C /* ForecastCell.swift */ = {isa = PBXFileReference; lastKnownFileType = sourcecode.swift; path = ForecastCell.swift; sourceTree = "<group>"; };
		1CABD5E1244CB37E0039D99C /* LabeledIconView.swift */ = {isa = PBXFileReference; lastKnownFileType = sourcecode.swift; path = LabeledIconView.swift; sourceTree = "<group>"; };
		1CABD5E3244CB7570039D99C /* ArrowsStepperView.swift */ = {isa = PBXFileReference; lastKnownFileType = sourcecode.swift; path = ArrowsStepperView.swift; sourceTree = "<group>"; };
		1CABD5E6244CC9520039D99C /* ForecastCellPresenter.swift */ = {isa = PBXFileReference; lastKnownFileType = sourcecode.swift; path = ForecastCellPresenter.swift; sourceTree = "<group>"; };
		1CC4EF862447238D00D69C67 /* BettingHub.app */ = {isa = PBXFileReference; explicitFileType = wrapper.application; includeInIndex = 0; path = BettingHub.app; sourceTree = BUILT_PRODUCTS_DIR; };
		1CC4EF892447238D00D69C67 /* AppDelegate.swift */ = {isa = PBXFileReference; lastKnownFileType = sourcecode.swift; path = AppDelegate.swift; sourceTree = "<group>"; };
		1CC4EF922447239300D69C67 /* Assets.xcassets */ = {isa = PBXFileReference; lastKnownFileType = folder.assetcatalog; path = Assets.xcassets; sourceTree = "<group>"; };
		1CC4EF952447239300D69C67 /* Base */ = {isa = PBXFileReference; lastKnownFileType = file.storyboard; name = Base; path = Base.lproj/LaunchScreen.storyboard; sourceTree = "<group>"; };
		1CC4EF972447239300D69C67 /* Info.plist */ = {isa = PBXFileReference; lastKnownFileType = text.plist.xml; path = Info.plist; sourceTree = "<group>"; };
		1CC4EFA224472C7400D69C67 /* LoginViewController.swift */ = {isa = PBXFileReference; lastKnownFileType = sourcecode.swift; path = LoginViewController.swift; sourceTree = "<group>"; };
		1CC4EFA424472C8300D69C67 /* LoginView.swift */ = {isa = PBXFileReference; lastKnownFileType = sourcecode.swift; path = LoginView.swift; sourceTree = "<group>"; };
		1CC4EFA9244731DE00D69C67 /* InputView.swift */ = {isa = PBXFileReference; lastKnownFileType = sourcecode.swift; path = InputView.swift; sourceTree = "<group>"; };
		1CC4EFAC244732DE00D69C67 /* Roboto-BoldItalic.ttf */ = {isa = PBXFileReference; lastKnownFileType = file; path = "Roboto-BoldItalic.ttf"; sourceTree = "<group>"; };
		1CC4EFAD244732DE00D69C67 /* Roboto-Black.ttf */ = {isa = PBXFileReference; lastKnownFileType = file; path = "Roboto-Black.ttf"; sourceTree = "<group>"; };
		1CC4EFAE244732DE00D69C67 /* Roboto-Thin.ttf */ = {isa = PBXFileReference; lastKnownFileType = file; path = "Roboto-Thin.ttf"; sourceTree = "<group>"; };
		1CC4EFAF244732DF00D69C67 /* Roboto-Medium.ttf */ = {isa = PBXFileReference; lastKnownFileType = file; path = "Roboto-Medium.ttf"; sourceTree = "<group>"; };
		1CC4EFB0244732DF00D69C67 /* Roboto-ThinItalic.ttf */ = {isa = PBXFileReference; lastKnownFileType = file; path = "Roboto-ThinItalic.ttf"; sourceTree = "<group>"; };
		1CC4EFB1244732E000D69C67 /* Roboto-BlackItalic.ttf */ = {isa = PBXFileReference; lastKnownFileType = file; path = "Roboto-BlackItalic.ttf"; sourceTree = "<group>"; };
		1CC4EFB2244732E000D69C67 /* Roboto-Regular.ttf */ = {isa = PBXFileReference; lastKnownFileType = file; path = "Roboto-Regular.ttf"; sourceTree = "<group>"; };
		1CC4EFB3244732E000D69C67 /* Roboto-LightItalic.ttf */ = {isa = PBXFileReference; lastKnownFileType = file; path = "Roboto-LightItalic.ttf"; sourceTree = "<group>"; };
		1CC4EFB4244732E100D69C67 /* Roboto-MediumItalic.ttf */ = {isa = PBXFileReference; lastKnownFileType = file; path = "Roboto-MediumItalic.ttf"; sourceTree = "<group>"; };
		1CC4EFB5244732E100D69C67 /* Roboto-Bold.ttf */ = {isa = PBXFileReference; lastKnownFileType = file; path = "Roboto-Bold.ttf"; sourceTree = "<group>"; };
		1CC4EFB6244732E100D69C67 /* Roboto-Italic.ttf */ = {isa = PBXFileReference; lastKnownFileType = file; path = "Roboto-Italic.ttf"; sourceTree = "<group>"; };
		1CC4EFB7244732E200D69C67 /* Roboto-Light.ttf */ = {isa = PBXFileReference; lastKnownFileType = file; path = "Roboto-Light.ttf"; sourceTree = "<group>"; };
		1CC4EFB92447330600D69C67 /* Colors.swift */ = {isa = PBXFileReference; lastKnownFileType = sourcecode.swift; path = Colors.swift; sourceTree = "<group>"; };
		1CC4EFBB2447330D00D69C67 /* Text.swift */ = {isa = PBXFileReference; lastKnownFileType = sourcecode.swift; path = Text.swift; sourceTree = "<group>"; };
		1CC4EFBD2447331C00D69C67 /* Fonts.swift */ = {isa = PBXFileReference; lastKnownFileType = sourcecode.swift; path = Fonts.swift; sourceTree = "<group>"; };
		1CC4EFC22447339B00D69C67 /* UIColor.swift */ = {isa = PBXFileReference; lastKnownFileType = sourcecode.swift; path = UIColor.swift; sourceTree = "<group>"; };
		1CC4EFC4244736B700D69C67 /* ru */ = {isa = PBXFileReference; lastKnownFileType = text.plist.strings; name = ru; path = ru.lproj/LaunchScreen.strings; sourceTree = "<group>"; };
		1CC4EFD42447374300D69C67 /* en */ = {isa = PBXFileReference; lastKnownFileType = text.plist.strings; name = en; path = en.lproj/Localizable.strings; sourceTree = "<group>"; };
		1CC4EFD62447374700D69C67 /* ru */ = {isa = PBXFileReference; lastKnownFileType = text.plist.strings; name = ru; path = ru.lproj/Localizable.strings; sourceTree = "<group>"; };
		1CC4EFD72447375B00D69C67 /* String.swift */ = {isa = PBXFileReference; lastKnownFileType = sourcecode.swift; path = String.swift; sourceTree = "<group>"; };
		1CC4EFDD2447416900D69C67 /* BottomButton.swift */ = {isa = PBXFileReference; lastKnownFileType = sourcecode.swift; path = BottomButton.swift; sourceTree = "<group>"; };
		1CCFB12B244B604C00F431BA /* UIViewController.swift */ = {isa = PBXFileReference; lastKnownFileType = sourcecode.swift; path = UIViewController.swift; sourceTree = "<group>"; };
		1CD0F1C4244F8A49008436CD /* ForecastInfoStackView.swift */ = {isa = PBXFileReference; lastKnownFileType = sourcecode.swift; path = ForecastInfoStackView.swift; sourceTree = "<group>"; };
		1CEE8BD92448B4BF007F2FDB /* UIView.swift */ = {isa = PBXFileReference; lastKnownFileType = sourcecode.swift; path = UIView.swift; sourceTree = "<group>"; };
		1CEE8BDB2448BC5C007F2FDB /* NavigationController.swift */ = {isa = PBXFileReference; lastKnownFileType = sourcecode.swift; path = NavigationController.swift; sourceTree = "<group>"; };
		1CF225B0244B744C005D510D /* PanelCell.swift */ = {isa = PBXFileReference; lastKnownFileType = sourcecode.swift; path = PanelCell.swift; sourceTree = "<group>"; };
		1CF225B4244B7D74005D510D /* MatchCell.swift */ = {isa = PBXFileReference; lastKnownFileType = sourcecode.swift; path = MatchCell.swift; sourceTree = "<group>"; };
		1CF225B8244B81EE005D510D /* PositivityLabel.swift */ = {isa = PBXFileReference; lastKnownFileType = sourcecode.swift; path = PositivityLabel.swift; sourceTree = "<group>"; };
		1CF2C2292449E41E00A7B0B8 /* Forecaster.swift */ = {isa = PBXFileReference; lastKnownFileType = sourcecode.swift; path = Forecaster.swift; sourceTree = "<group>"; };
		1CF2C22B2449E57300A7B0B8 /* OrangeScrollIndicator.swift */ = {isa = PBXFileReference; lastKnownFileType = sourcecode.swift; path = OrangeScrollIndicator.swift; sourceTree = "<group>"; };
		1CF2C22D2449F3AA00A7B0B8 /* ButtonFooter.swift */ = {isa = PBXFileReference; lastKnownFileType = sourcecode.swift; path = ButtonFooter.swift; sourceTree = "<group>"; };
		1CF2C22F244A0A5500A7B0B8 /* UIImageView.swift */ = {isa = PBXFileReference; lastKnownFileType = sourcecode.swift; path = UIImageView.swift; sourceTree = "<group>"; };
		1CF2C234244A0E6800A7B0B8 /* TopBookmakersHeaderView.swift */ = {isa = PBXFileReference; lastKnownFileType = sourcecode.swift; path = TopBookmakersHeaderView.swift; sourceTree = "<group>"; };
		1CF2C236244A3C9A00A7B0B8 /* ColumnsHeaderView.swift */ = {isa = PBXFileReference; lastKnownFileType = sourcecode.swift; path = ColumnsHeaderView.swift; sourceTree = "<group>"; };
		1CF2C238244A473600A7B0B8 /* BookmakerCell.swift */ = {isa = PBXFileReference; lastKnownFileType = sourcecode.swift; path = BookmakerCell.swift; sourceTree = "<group>"; };
		1CFE8262244E5837002326DB /* SwiftUI.framework */ = {isa = PBXFileReference; lastKnownFileType = wrapper.framework; name = SwiftUI.framework; path = System/Library/Frameworks/SwiftUI.framework; sourceTree = SDKROOT; };
		1CFE8264244E5DD2002326DB /* TimePicker.swift */ = {isa = PBXFileReference; lastKnownFileType = sourcecode.swift; path = TimePicker.swift; sourceTree = "<group>"; };
		5CCA83A745208C2A7BBA9496 /* Pods-BettingHub.release.xcconfig */ = {isa = PBXFileReference; includeInIndex = 1; lastKnownFileType = text.xcconfig; name = "Pods-BettingHub.release.xcconfig"; path = "Target Support Files/Pods-BettingHub/Pods-BettingHub.release.xcconfig"; sourceTree = "<group>"; };
		BCF48A15E2485EA03FC824DA /* Pods-BettingHub.debug.xcconfig */ = {isa = PBXFileReference; includeInIndex = 1; lastKnownFileType = text.xcconfig; name = "Pods-BettingHub.debug.xcconfig"; path = "Target Support Files/Pods-BettingHub/Pods-BettingHub.debug.xcconfig"; sourceTree = "<group>"; };
		E07A6320D39728AEA85C3AA3 /* Pods_BettingHub.framework */ = {isa = PBXFileReference; explicitFileType = wrapper.framework; includeInIndex = 0; path = Pods_BettingHub.framework; sourceTree = BUILT_PRODUCTS_DIR; };
/* End PBXFileReference section */

/* Begin PBXFrameworksBuildPhase section */
		1CC4EF832447238D00D69C67 /* Frameworks */ = {
			isa = PBXFrameworksBuildPhase;
			buildActionMask = 2147483647;
			files = (
				1CFE8263244E5837002326DB /* SwiftUI.framework in Frameworks */,
				1620DEA72495310D9E09EFDB /* Pods_BettingHub.framework in Frameworks */,
			);
			runOnlyForDeploymentPostprocessing = 0;
		};
/* End PBXFrameworksBuildPhase section */

/* Begin PBXGroup section */
		0B6D7089B4BA001A6DBCD391 /* Pods */ = {
			isa = PBXGroup;
			children = (
				BCF48A15E2485EA03FC824DA /* Pods-BettingHub.debug.xcconfig */,
				5CCA83A745208C2A7BBA9496 /* Pods-BettingHub.release.xcconfig */,
			);
			path = Pods;
			sourceTree = "<group>";
		};
		1C22EF3C245082D900A7543D /* CommentsList */ = {
			isa = PBXGroup;
			children = (
				1C22EF452450899C00A7543D /* CommentCell.swift */,
				1C22EF3F2450830E00A7543D /* CommentsTableView.swift */,
				1C22EF412450838800A7543D /* CommentsTableViewModel.swift */,
				1C22EF432450884E00A7543D /* CommentsTableViewPresenter.swift */,
			);
			path = CommentsList;
			sourceTree = "<group>";
		};
		1C25F83F244DE49300A24F31 /* Utils */ = {
			isa = PBXGroup;
			children = (
				1C25F840244DE4A700A24F31 /* Device.swift */,
				1C25F853244E197500A24F31 /* Preview */,
			);
			path = Utils;
			sourceTree = "<group>";
		};
		1C25F842244DE9B100A24F31 /* Forecasts */ = {
			isa = PBXGroup;
			children = (
				1CFE8264244E5DD2002326DB /* TimePicker.swift */,
				1C25F847244DF56C00A24F31 /* ForecastsHeader.swift */,
				1C25F843244DEC3400A24F31 /* ForecastsView.swift */,
				1C25F845244DF30A00A24F31 /* ForecastsViewController.swift */,
				1C97686F2453712900C11AF0 /* ForecastsViewModel.swift */,
				1C56121424567EA300D02DBB /* ForecastsRouter.swift */,
			);
			path = Forecasts;
			sourceTree = "<group>";
		};
		1C25F853244E197500A24F31 /* Preview */ = {
			isa = PBXGroup;
			children = (
				1C25F84F244E191400A24F31 /* UIPreview.swift */,
				1C25F851244E195E00A24F31 /* TableViewPreviewDataSource.swift */,
			);
			path = Preview;
			sourceTree = "<group>";
		};
		1C2CFC0B2451DC7100E1071F /* ErrorsHandler */ = {
			isa = PBXGroup;
			children = (
				1C2CFC0E2451DD3F00E1071F /* BHError.swift */,
			);
			path = ErrorsHandler;
			sourceTree = "<group>";
		};
		1C2CFC122451DF1900E1071F /* AppInitializer */ = {
			isa = PBXGroup;
			children = (
				1C2CFC132451DF2A00E1071F /* AppInitializer.swift */,
			);
			path = AppInitializer;
			sourceTree = "<group>";
		};
		1C2CFC152451DF5700E1071F /* ServiceLocator */ = {
			isa = PBXGroup;
			children = (
				1C2CFC182451DF7D00E1071F /* ServiceLocator.swift */,
			);
			path = ServiceLocator;
			sourceTree = "<group>";
		};
		1C56120B245646A600D02DBB /* ForecastService */ = {
			isa = PBXGroup;
			children = (
				1C56120E245646D300D02DBB /* IForecastService.swift */,
				1C56120C245646BD00D02DBB /* ForecastService.swift */,
			);
			path = ForecastService;
			sourceTree = "<group>";
		};
		1C56121924575F1400D02DBB /* Menu */ = {
			isa = PBXGroup;
			children = (
				1C56121C24575F8900D02DBB /* MenuPannel.swift */,
				1C56121E245767E900D02DBB /* MenuView.swift */,
				1C56121A24575F5C00D02DBB /* MenuViewController.swift */,
			);
			path = Menu;
			sourceTree = "<group>";
		};
		1C5612202457755000D02DBB /* Bookmakers */ = {
			isa = PBXGroup;
			children = (
				1C5612232457A17900D02DBB /* TitleWithColumnsHeader.swift */,
				1C56122124579EE400D02DBB /* BookmakersViewController.swift */,
				1C5612252457A5B100D02DBB /* BookmakersViewModel.swift */,
			);
			path = Bookmakers;
			sourceTree = "<group>";
		};
		1C5612272457C0AA00D02DBB /* TopMatches */ = {
			isa = PBXGroup;
			children = (
				1C5612282457C0CF00D02DBB /* MatchesViewController.swift */,
				1C56122A2457C18600D02DBB /* MatchesViewModel.swift */,
			);
			path = TopMatches;
			sourceTree = "<group>";
		};
		1C6608F62449E1B6007E9BEB /* TableContent */ = {
			isa = PBXGroup;
			children = (
				1C6608F92449E37C007E9BEB /* TopForecasters */,
				1CF2C231244A0DEB00A7B0B8 /* Headers */,
				1CBE1130244B395D00C12832 /* Footers */,
				1CF2C232244A0DFF00A7B0B8 /* Cells */,
			);
			path = TableContent;
			sourceTree = "<group>";
		};
		1C6608F92449E37C007E9BEB /* TopForecasters */ = {
			isa = PBXGroup;
			children = (
				1C6608F72449E1C3007E9BEB /* TopForecastersView.swift */,
				1C6608FA2449E388007E9BEB /* TopForecasterCell.swift */,
				1CF2C22B2449E57300A7B0B8 /* OrangeScrollIndicator.swift */,
			);
			path = TopForecasters;
			sourceTree = "<group>";
		};
		1C6937A72450FBB000AE01BE /* Services */ = {
			isa = PBXGroup;
			children = (
				1C2CFC152451DF5700E1071F /* ServiceLocator */,
				1C2CFC122451DF1900E1071F /* AppInitializer */,
				1C56120B245646A600D02DBB /* ForecastService */,
				1C2CFC0B2451DC7100E1071F /* ErrorsHandler */,
				1C6937B5245101E300AE01BE /* RequestBuilder */,
				1C6937AC2450FE0400AE01BE /* TokenService */,
				1C6937AB2450FDFB00AE01BE /* AuthService */,
				1C6937A82450FBD200AE01BE /* HttpClient */,
			);
			path = Services;
			sourceTree = "<group>";
		};
		1C6937A82450FBD200AE01BE /* HttpClient */ = {
			isa = PBXGroup;
			children = (
				1C6937AF2450FEB800AE01BE /* IHttpClient.swift */,
				1C6937AE2450FEB800AE01BE /* HttpClient.swift */,
			);
			path = HttpClient;
			sourceTree = "<group>";
		};
		1C6937AB2450FDFB00AE01BE /* AuthService */ = {
			isa = PBXGroup;
			children = (
				1C2CFC1A2451DFB600E1071F /* IAuthService.swift */,
				1C2CFC1C2451DFC300E1071F /* AuthService.swift */,
			);
			path = AuthService;
			sourceTree = "<group>";
		};
		1C6937AC2450FE0400AE01BE /* TokenService */ = {
			isa = PBXGroup;
			children = (
				1C6937B32450FEDD00AE01BE /* ITokenService.swift */,
				1C2CFC072451D7E200E1071F /* TokenService.swift */,
			);
			path = TokenService;
			sourceTree = "<group>";
		};
		1C6937B5245101E300AE01BE /* RequestBuilder */ = {
			isa = PBXGroup;
			children = (
				1C6937B6245101F000AE01BE /* IRequestBuilder.swift */,
				1C6937B8245109D000AE01BE /* RequestBuilder.swift */,
			);
			path = RequestBuilder;
			sourceTree = "<group>";
		};
		1C779B88244F2EC3008C1FDB /* FullForecast */ = {
			isa = PBXGroup;
			children = (
				1CD0F1C6244F8C44008436CD /* Header */,
				1C779B8B244F2F26008C1FDB /* FullForecastViewController.swift */,
			);
			path = FullForecast;
			sourceTree = "<group>";
		};
		1C91348B2448B07300AE4510 /* Main */ = {
			isa = PBXGroup;
			children = (
				1C6608F62449E1B6007E9BEB /* TableContent */,
				1CA01F71245261740025FF4F /* View */,
				1CA01F74245261A00025FF4F /* Data */,
			);
			path = Main;
			sourceTree = "<group>";
		};
		1CA01F6D24521B070025FF4F /* MainTabBar */ = {
			isa = PBXGroup;
			children = (
				1CA01F6E24521B1F0025FF4F /* MainTabBarController.swift */,
			);
			path = MainTabBar;
			sourceTree = "<group>";
		};
		1CA01F702452476A0025FF4F /* ViewModels */ = {
			isa = PBXGroup;
			children = (
			);
			path = ViewModels;
			sourceTree = "<group>";
		};
		1CA01F71245261740025FF4F /* View */ = {
			isa = PBXGroup;
			children = (
				1C91348C2448B07D00AE4510 /* MainView.swift */,
				1C43E2D0244B9415002CF7EB /* MainSection.swift */,
				1C91348E2448B08500AE4510 /* MainViewController.swift */,
				1C25F84B244E16A000A24F31 /* MainCellsProvider.swift */,
				1CA01F77245263920025FF4F /* MainScreenRouter.swift */,
			);
			path = View;
			sourceTree = "<group>";
		};
		1CA01F74245261A00025FF4F /* Data */ = {
			isa = PBXGroup;
			children = (
				1C25F84C244E16A000A24F31 /* MainScreenDataProvider.swift */,
				1C5612162456854000D02DBB /* MainScreenInteractor.swift */,
			);
			path = Data;
			sourceTree = "<group>";
		};
		1CABD5E5244CC8140039D99C /* ForecastCell */ = {
			isa = PBXGroup;
			children = (
				1CABD5DF244CA52D0039D99C /* ForecastCell.swift */,
				1CABD5E6244CC9520039D99C /* ForecastCellPresenter.swift */,
			);
			path = ForecastCell;
			sourceTree = "<group>";
		};
		1CBE1130244B395D00C12832 /* Footers */ = {
			isa = PBXGroup;
			children = (
				1CF2C22D2449F3AA00A7B0B8 /* ButtonFooter.swift */,
			);
			path = Footers;
			sourceTree = "<group>";
		};
		1CC4EF7D2447238D00D69C67 = {
			isa = PBXGroup;
			children = (
				1CC4EF882447238D00D69C67 /* BettingHub */,
				1CC4EF872447238D00D69C67 /* Products */,
				0B6D7089B4BA001A6DBCD391 /* Pods */,
				4FD40D6DFEDF34C36DC5C6FC /* Frameworks */,
			);
			sourceTree = "<group>";
		};
		1CC4EF872447238D00D69C67 /* Products */ = {
			isa = PBXGroup;
			children = (
				1CC4EF862447238D00D69C67 /* BettingHub.app */,
			);
			name = Products;
			sourceTree = "<group>";
		};
		1CC4EF882447238D00D69C67 /* BettingHub */ = {
			isa = PBXGroup;
			children = (
				1CC4EF9D24472BF900D69C67 /* App */,
				1CC4EFA024472C4200D69C67 /* Source */,
				1CC4EF9F24472C0C00D69C67 /* Resources */,
			);
			path = BettingHub;
			sourceTree = "<group>";
		};
		1CC4EF9D24472BF900D69C67 /* App */ = {
			isa = PBXGroup;
			children = (
				1CC4EF892447238D00D69C67 /* AppDelegate.swift */,
				1CC4EF942447239300D69C67 /* LaunchScreen.storyboard */,
				1CC4EF972447239300D69C67 /* Info.plist */,
			);
			path = App;
			sourceTree = "<group>";
		};
		1CC4EF9E24472C0600D69C67 /* Modules */ = {
			isa = PBXGroup;
			children = (
				1CA01F6B2451FA6F0025FF4F /* AppCoordinator.swift */,
				1C5612272457C0AA00D02DBB /* TopMatches */,
				1C5612202457755000D02DBB /* Bookmakers */,
				1C56121924575F1400D02DBB /* Menu */,
				1CA01F6D24521B070025FF4F /* MainTabBar */,
				1C22EF3C245082D900A7543D /* CommentsList */,
				1C779B88244F2EC3008C1FDB /* FullForecast */,
				1C25F842244DE9B100A24F31 /* Forecasts */,
				1CABD5E5244CC8140039D99C /* ForecastCell */,
				1CEE8BDD2448BC74007F2FDB /* Navigation */,
				1C91348B2448B07300AE4510 /* Main */,
				1CC4EFA124472C5C00D69C67 /* Login */,
			);
			path = Modules;
			sourceTree = "<group>";
		};
		1CC4EF9F24472C0C00D69C67 /* Resources */ = {
			isa = PBXGroup;
			children = (
				1CC4EFD52447374300D69C67 /* Localizable.strings */,
				1CC4EFAB2447328C00D69C67 /* Fonts */,
				1CC4EF922447239300D69C67 /* Assets.xcassets */,
			);
			path = Resources;
			sourceTree = "<group>";
		};
		1CC4EFA024472C4200D69C67 /* Source */ = {
			isa = PBXGroup;
			children = (
				1C6937A72450FBB000AE01BE /* Services */,
				1CF2C2282449E41300A7B0B8 /* Models */,
				1CA01F702452476A0025FF4F /* ViewModels */,
				1CC4EF9E24472C0600D69C67 /* Modules */,
				1CC4EFA8244731D200D69C67 /* UIElements */,
				1CC4EFBF2447338800D69C67 /* Extensions */,
				1C25F83F244DE49300A24F31 /* Utils */,
				1CC4EFB8244732FB00D69C67 /* Constants */,
			);
			path = Source;
			sourceTree = "<group>";
		};
		1CC4EFA124472C5C00D69C67 /* Login */ = {
			isa = PBXGroup;
			children = (
				1CC4EFA424472C8300D69C67 /* LoginView.swift */,
				1CC4EFA224472C7400D69C67 /* LoginViewController.swift */,
				1CA01F652451F6400025FF4F /* LoginPresenter.swift */,
				1CA01F692451F9E70025FF4F /* LoginRouter.swift */,
			);
			path = Login;
			sourceTree = "<group>";
		};
		1CC4EFA8244731D200D69C67 /* UIElements */ = {
			isa = PBXGroup;
			children = (
				1C91347F2447497E00AE4510 /* UIItems.swift */,
				1CC4EFA9244731DE00D69C67 /* InputView.swift */,
				1CC4EFDD2447416900D69C67 /* BottomButton.swift */,
				1C91348324476ABD00AE4510 /* BorderedTextField.swift */,
				1C9134852447837F00AE4510 /* SocialButton.swift */,
				1C9134892447A39C00AE4510 /* ErrorView.swift */,
				1CF2C236244A3C9A00A7B0B8 /* ColumnsHeaderView.swift */,
				1CF225B8244B81EE005D510D /* PositivityLabel.swift */,
				1CF225B0244B744C005D510D /* PanelCell.swift */,
				1CABD5E1244CB37E0039D99C /* LabeledIconView.swift */,
				1CABD5E3244CB7570039D99C /* ArrowsStepperView.swift */,
				1C36FDDF244CD6A7002A3601 /* LastForecastsView.swift */,
				1C25F83D244DD8C600A24F31 /* LabelWithInsets.swift */,
				1C5E3A1A244E4169007F5E0E /* SelectionControll.swift */,
				1C4516CE244E6F6500D636BC /* PanelSegmentedControl.swift */,
			);
			path = UIElements;
			sourceTree = "<group>";
		};
		1CC4EFAB2447328C00D69C67 /* Fonts */ = {
			isa = PBXGroup;
			children = (
				1CC4EFAD244732DE00D69C67 /* Roboto-Black.ttf */,
				1CC4EFB1244732E000D69C67 /* Roboto-BlackItalic.ttf */,
				1CC4EFB5244732E100D69C67 /* Roboto-Bold.ttf */,
				1CC4EFAC244732DE00D69C67 /* Roboto-BoldItalic.ttf */,
				1CC4EFB6244732E100D69C67 /* Roboto-Italic.ttf */,
				1CC4EFB7244732E200D69C67 /* Roboto-Light.ttf */,
				1CC4EFB3244732E000D69C67 /* Roboto-LightItalic.ttf */,
				1CC4EFAF244732DF00D69C67 /* Roboto-Medium.ttf */,
				1CC4EFB4244732E100D69C67 /* Roboto-MediumItalic.ttf */,
				1CC4EFB2244732E000D69C67 /* Roboto-Regular.ttf */,
				1CC4EFAE244732DE00D69C67 /* Roboto-Thin.ttf */,
				1CC4EFB0244732DF00D69C67 /* Roboto-ThinItalic.ttf */,
			);
			path = Fonts;
			sourceTree = "<group>";
		};
		1CC4EFB8244732FB00D69C67 /* Constants */ = {
			isa = PBXGroup;
			children = (
				1CC4EFB92447330600D69C67 /* Colors.swift */,
				1CC4EFBB2447330D00D69C67 /* Text.swift */,
				1CC4EFBD2447331C00D69C67 /* Fonts.swift */,
			);
			path = Constants;
			sourceTree = "<group>";
		};
		1CC4EFBF2447338800D69C67 /* Extensions */ = {
			isa = PBXGroup;
			children = (
				1CC4EFC22447339B00D69C67 /* UIColor.swift */,
				1CC4EFD72447375B00D69C67 /* String.swift */,
				1C91348124475A7B00AE4510 /* UITextField.swift */,
				1CEE8BD92448B4BF007F2FDB /* UIView.swift */,
				1CF2C22F244A0A5500A7B0B8 /* UIImageView.swift */,
				1CCFB12B244B604C00F431BA /* UIViewController.swift */,
				1C5612122456744200D02DBB /* UITableView.swift */,
			);
			path = Extensions;
			sourceTree = "<group>";
		};
		1CD0F1C6244F8C44008436CD /* Header */ = {
			isa = PBXGroup;
			children = (
				1C4BAD75244F3841008889CB /* TeamsVersusView.swift */,
				1CD0F1C4244F8A49008436CD /* ForecastInfoStackView.swift */,
				1C5B0C06244F90880075F95B /* SubscribeButton.swift */,
				1C4BAD73244F35C2008889CB /* FullForecastHeader.swift */,
			);
			path = Header;
			sourceTree = "<group>";
		};
		1CEE8BDD2448BC74007F2FDB /* Navigation */ = {
			isa = PBXGroup;
			children = (
				1C7A356D2448E4F500E3AB9B /* BettingNavigationBar.swift */,
				1C7A356B2448E15A00E3AB9B /* NavigationBackView.swift */,
				1CEE8BDB2448BC5C007F2FDB /* NavigationController.swift */,
			);
			path = Navigation;
			sourceTree = "<group>";
		};
		1CF2C2282449E41300A7B0B8 /* Models */ = {
			isa = PBXGroup;
			children = (
				1C43E2CC244B90FB002CF7EB /* Forecast.swift */,
				1C2CFC092451D88600E1071F /* AuthToken.swift */,
				1CF2C2292449E41E00A7B0B8 /* Forecaster.swift */,
				1C43E2CA244B90F3002CF7EB /* Match.swift */,
				1C43E2CE244B9105002CF7EB /* Bookmaker.swift */,
				1C083F4F244E687B0010D719 /* Sport.swift */,
				1C97686B2453483500C11AF0 /* TimeFrame.swift */,
				1C5612102456592D00D02DBB /* ForecastFilter.swift */,
			);
			path = Models;
			sourceTree = "<group>";
		};
		1CF2C231244A0DEB00A7B0B8 /* Headers */ = {
			isa = PBXGroup;
			children = (
				1CF2C234244A0E6800A7B0B8 /* TopBookmakersHeaderView.swift */,
				1C36FDE1244CEE46002A3601 /* BigTitleHeader.swift */,
			);
			path = Headers;
			sourceTree = "<group>";
		};
		1CF2C232244A0DFF00A7B0B8 /* Cells */ = {
			isa = PBXGroup;
			children = (
				1CF2C238244A473600A7B0B8 /* BookmakerCell.swift */,
				1CF225B4244B7D74005D510D /* MatchCell.swift */,
			);
			path = Cells;
			sourceTree = "<group>";
		};
		4FD40D6DFEDF34C36DC5C6FC /* Frameworks */ = {
			isa = PBXGroup;
			children = (
				1CFE8262244E5837002326DB /* SwiftUI.framework */,
				E07A6320D39728AEA85C3AA3 /* Pods_BettingHub.framework */,
			);
			name = Frameworks;
			sourceTree = "<group>";
		};
/* End PBXGroup section */

/* Begin PBXNativeTarget section */
		1CC4EF852447238D00D69C67 /* BettingHub */ = {
			isa = PBXNativeTarget;
			buildConfigurationList = 1CC4EF9A2447239300D69C67 /* Build configuration list for PBXNativeTarget "BettingHub" */;
			buildPhases = (
				F6D95D26CC0BF5F562920D95 /* [CP] Check Pods Manifest.lock */,
				1CC4EF822447238D00D69C67 /* Sources */,
				1CC4EF832447238D00D69C67 /* Frameworks */,
				1CC4EF842447238D00D69C67 /* Resources */,
				10BA539705A202D3FB7D64CA /* [CP] Embed Pods Frameworks */,
			);
			buildRules = (
			);
			dependencies = (
			);
			name = BettingHub;
			productName = BettingHub;
			productReference = 1CC4EF862447238D00D69C67 /* BettingHub.app */;
			productType = "com.apple.product-type.application";
		};
/* End PBXNativeTarget section */

/* Begin PBXProject section */
		1CC4EF7E2447238D00D69C67 /* Project object */ = {
			isa = PBXProject;
			attributes = {
				LastSwiftUpdateCheck = 1100;
				LastUpgradeCheck = 1100;
				ORGANIZATIONNAME = "Maxim Bezdenezhnykh";
				TargetAttributes = {
					1CC4EF852447238D00D69C67 = {
						CreatedOnToolsVersion = 11.0;
					};
				};
			};
			buildConfigurationList = 1CC4EF812447238D00D69C67 /* Build configuration list for PBXProject "BettingHub" */;
			compatibilityVersion = "Xcode 9.3";
			developmentRegion = en;
			hasScannedForEncodings = 0;
			knownRegions = (
				en,
				Base,
				ru,
			);
			mainGroup = 1CC4EF7D2447238D00D69C67;
			productRefGroup = 1CC4EF872447238D00D69C67 /* Products */;
			projectDirPath = "";
			projectRoot = "";
			targets = (
				1CC4EF852447238D00D69C67 /* BettingHub */,
			);
		};
/* End PBXProject section */

/* Begin PBXResourcesBuildPhase section */
		1CC4EF842447238D00D69C67 /* Resources */ = {
			isa = PBXResourcesBuildPhase;
			buildActionMask = 2147483647;
			files = (
				1CC4EFD22447373A00D69C67 /* Roboto-ThinItalic.ttf in Resources */,
				1CC4EFD12447373A00D69C67 /* Roboto-Thin.ttf in Resources */,
				1CC4EF962447239300D69C67 /* LaunchScreen.storyboard in Resources */,
				1CC4EFD32447374300D69C67 /* Localizable.strings in Resources */,
				1CC4EFCD2447373A00D69C67 /* Roboto-LightItalic.ttf in Resources */,
				1CC4EFC92447373A00D69C67 /* Roboto-Bold.ttf in Resources */,
				1CC4EFCF2447373A00D69C67 /* Roboto-MediumItalic.ttf in Resources */,
				1CC4EFC82447373A00D69C67 /* Roboto-BlackItalic.ttf in Resources */,
				1CC4EF932447239300D69C67 /* Assets.xcassets in Resources */,
				1CC4EFCB2447373A00D69C67 /* Roboto-Italic.ttf in Resources */,
				1CC4EFCA2447373A00D69C67 /* Roboto-BoldItalic.ttf in Resources */,
				1CC4EFCE2447373A00D69C67 /* Roboto-Medium.ttf in Resources */,
				1CC4EFD02447373A00D69C67 /* Roboto-Regular.ttf in Resources */,
				1CC4EFC72447373A00D69C67 /* Roboto-Black.ttf in Resources */,
				1CC4EFCC2447373A00D69C67 /* Roboto-Light.ttf in Resources */,
			);
			runOnlyForDeploymentPostprocessing = 0;
		};
/* End PBXResourcesBuildPhase section */

/* Begin PBXShellScriptBuildPhase section */
		10BA539705A202D3FB7D64CA /* [CP] Embed Pods Frameworks */ = {
			isa = PBXShellScriptBuildPhase;
			buildActionMask = 2147483647;
			files = (
			);
			inputFileListPaths = (
				"${PODS_ROOT}/Target Support Files/Pods-BettingHub/Pods-BettingHub-frameworks-${CONFIGURATION}-input-files.xcfilelist",
			);
			name = "[CP] Embed Pods Frameworks";
			outputFileListPaths = (
				"${PODS_ROOT}/Target Support Files/Pods-BettingHub/Pods-BettingHub-frameworks-${CONFIGURATION}-output-files.xcfilelist",
			);
			runOnlyForDeploymentPostprocessing = 0;
			shellPath = /bin/sh;
			shellScript = "\"${PODS_ROOT}/Target Support Files/Pods-BettingHub/Pods-BettingHub-frameworks.sh\"\n";
			showEnvVarsInLog = 0;
		};
		F6D95D26CC0BF5F562920D95 /* [CP] Check Pods Manifest.lock */ = {
			isa = PBXShellScriptBuildPhase;
			buildActionMask = 2147483647;
			files = (
			);
			inputFileListPaths = (
			);
			inputPaths = (
				"${PODS_PODFILE_DIR_PATH}/Podfile.lock",
				"${PODS_ROOT}/Manifest.lock",
			);
			name = "[CP] Check Pods Manifest.lock";
			outputFileListPaths = (
			);
			outputPaths = (
				"$(DERIVED_FILE_DIR)/Pods-BettingHub-checkManifestLockResult.txt",
			);
			runOnlyForDeploymentPostprocessing = 0;
			shellPath = /bin/sh;
			shellScript = "diff \"${PODS_PODFILE_DIR_PATH}/Podfile.lock\" \"${PODS_ROOT}/Manifest.lock\" > /dev/null\nif [ $? != 0 ] ; then\n    # print error to STDERR\n    echo \"error: The sandbox is not in sync with the Podfile.lock. Run 'pod install' or update your CocoaPods installation.\" >&2\n    exit 1\nfi\n# This output is used by Xcode 'outputs' to avoid re-running this script phase.\necho \"SUCCESS\" > \"${SCRIPT_OUTPUT_FILE_0}\"\n";
			showEnvVarsInLog = 0;
		};
/* End PBXShellScriptBuildPhase section */

/* Begin PBXSourcesBuildPhase section */
		1CC4EF822447238D00D69C67 /* Sources */ = {
			isa = PBXSourcesBuildPhase;
			buildActionMask = 2147483647;
			files = (
				1C083F50244E687B0010D719 /* Sport.swift in Sources */,
				1C9768702453712900C11AF0 /* ForecastsViewModel.swift in Sources */,
				1CF2C22E2449F3AA00A7B0B8 /* ButtonFooter.swift in Sources */,
				1CC4EFBE2447331C00D69C67 /* Fonts.swift in Sources */,
				1CF2C235244A0E6800A7B0B8 /* TopBookmakersHeaderView.swift in Sources */,
				1CF2C237244A3C9A00A7B0B8 /* ColumnsHeaderView.swift in Sources */,
				1C2CFC0A2451D88600E1071F /* AuthToken.swift in Sources */,
				1C56121B24575F5C00D02DBB /* MenuViewController.swift in Sources */,
				1CF2C22A2449E41E00A7B0B8 /* Forecaster.swift in Sources */,
				1C5612112456592D00D02DBB /* ForecastFilter.swift in Sources */,
				1CC4EFA524472C8300D69C67 /* LoginView.swift in Sources */,
				1CC4EFBA2447330600D69C67 /* Colors.swift in Sources */,
				1CC4EFD82447375B00D69C67 /* String.swift in Sources */,
				1CF2C230244A0A5500A7B0B8 /* UIImageView.swift in Sources */,
				1CABD5E0244CA52D0039D99C /* ForecastCell.swift in Sources */,
				1C43E2D1244B9415002CF7EB /* MainSection.swift in Sources */,
				1CABD5E2244CB37E0039D99C /* LabeledIconView.swift in Sources */,
				1C5B0C07244F90880075F95B /* SubscribeButton.swift in Sources */,
				1CA01F662451F6400025FF4F /* LoginPresenter.swift in Sources */,
				1CABD5E7244CC9520039D99C /* ForecastCellPresenter.swift in Sources */,
				1C7A356C2448E15A00E3AB9B /* NavigationBackView.swift in Sources */,
				1C779B8C244F2F26008C1FDB /* FullForecastViewController.swift in Sources */,
				1CF2C22C2449E57300A7B0B8 /* OrangeScrollIndicator.swift in Sources */,
				1C7A356E2448E4F500E3AB9B /* BettingNavigationBar.swift in Sources */,
				1C91348224475A7B00AE4510 /* UITextField.swift in Sources */,
				1C4516CF244E6F6500D636BC /* PanelSegmentedControl.swift in Sources */,
				1C25F84E244E16A000A24F31 /* MainScreenDataProvider.swift in Sources */,
				1C22EF402450830E00A7543D /* CommentsTableView.swift in Sources */,
				1C2CFC082451D7E200E1071F /* TokenService.swift in Sources */,
				1C6937B42450FEDD00AE01BE /* ITokenService.swift in Sources */,
				1CA01F78245263920025FF4F /* MainScreenRouter.swift in Sources */,
				1CC4EFA324472C7400D69C67 /* LoginViewController.swift in Sources */,
				1C9134862447837F00AE4510 /* SocialButton.swift in Sources */,
				1C25F846244DF30A00A24F31 /* ForecastsViewController.swift in Sources */,
				1CFE8265244E5DD2002326DB /* TimePicker.swift in Sources */,
				1C43E2CB244B90F3002CF7EB /* Match.swift in Sources */,
				1C43E2CF244B9105002CF7EB /* Bookmaker.swift in Sources */,
				1C5612132456744200D02DBB /* UITableView.swift in Sources */,
				1C56122224579EE400D02DBB /* BookmakersViewController.swift in Sources */,
				1C97686C2453483500C11AF0 /* TimeFrame.swift in Sources */,
				1C2CFC142451DF2A00E1071F /* AppInitializer.swift in Sources */,
				1C2CFC192451DF7D00E1071F /* ServiceLocator.swift in Sources */,
				1C25F848244DF56C00A24F31 /* ForecastsHeader.swift in Sources */,
				1C22EF422450838800A7543D /* CommentsTableViewModel.swift in Sources */,
				1C25F850244E191400A24F31 /* UIPreview.swift in Sources */,
				1C6608FB2449E388007E9BEB /* TopForecasterCell.swift in Sources */,
				1CC4EF8A2447238D00D69C67 /* AppDelegate.swift in Sources */,
				1CF2C239244A473600A7B0B8 /* BookmakerCell.swift in Sources */,
				1CA01F6A2451F9E70025FF4F /* LoginRouter.swift in Sources */,
				1C25F852244E195E00A24F31 /* TableViewPreviewDataSource.swift in Sources */,
				1C91348424476ABD00AE4510 /* BorderedTextField.swift in Sources */,
				1C56120F245646D300D02DBB /* IForecastService.swift in Sources */,
				1C25F841244DE4A700A24F31 /* Device.swift in Sources */,
				1C6937B9245109D000AE01BE /* RequestBuilder.swift in Sources */,
				1C25F844244DEC3400A24F31 /* ForecastsView.swift in Sources */,
				1CC4EFDE2447416900D69C67 /* BottomButton.swift in Sources */,
				1C5612262457A5B100D02DBB /* BookmakersViewModel.swift in Sources */,
				1C6937B7245101F000AE01BE /* IRequestBuilder.swift in Sources */,
				1C91348D2448B07D00AE4510 /* MainView.swift in Sources */,
				1CABD5E4244CB7570039D99C /* ArrowsStepperView.swift in Sources */,
				1C22EF462450899C00A7543D /* CommentCell.swift in Sources */,
				1C25F84D244E16A000A24F31 /* MainCellsProvider.swift in Sources */,
				1C56121F245767E900D02DBB /* MenuView.swift in Sources */,
				1C56121524567EA300D02DBB /* ForecastsRouter.swift in Sources */,
				1CD0F1C5244F8A49008436CD /* ForecastInfoStackView.swift in Sources */,
				1C56121D24575F8900D02DBB /* MenuPannel.swift in Sources */,
				1C5E3A1B244E4169007F5E0E /* SelectionControll.swift in Sources */,
				1C6937B22450FEB900AE01BE /* IHttpClient.swift in Sources */,
				1C9134802447497E00AE4510 /* UIItems.swift in Sources */,
				1CEE8BDC2448BC5C007F2FDB /* NavigationController.swift in Sources */,
				1CC4EFC32447339B00D69C67 /* UIColor.swift in Sources */,
				1CC4EFBC2447330D00D69C67 /* Text.swift in Sources */,
				1C25F83E244DD8C600A24F31 /* LabelWithInsets.swift in Sources */,
				1C91348F2448B08500AE4510 /* MainViewController.swift in Sources */,
				1C5612172456854000D02DBB /* MainScreenInteractor.swift in Sources */,
				1CF225B1244B744C005D510D /* PanelCell.swift in Sources */,
				1C2CFC1B2451DFB600E1071F /* IAuthService.swift in Sources */,
				1C4BAD76244F3841008889CB /* TeamsVersusView.swift in Sources */,
				1C6608F82449E1C3007E9BEB /* TopForecastersView.swift in Sources */,
				1C36FDE2244CEE46002A3601 /* BigTitleHeader.swift in Sources */,
				1C2CFC0F2451DD3F00E1071F /* BHError.swift in Sources */,
				1CF225B9244B81EE005D510D /* PositivityLabel.swift in Sources */,
				1CCFB12C244B604C00F431BA /* UIViewController.swift in Sources */,
				1CA01F6C2451FA6F0025FF4F /* AppCoordinator.swift in Sources */,
				1C6937B12450FEB900AE01BE /* HttpClient.swift in Sources */,
				1C36FDE0244CD6A7002A3601 /* LastForecastsView.swift in Sources */,
				1C56122B2457C18600D02DBB /* MatchesViewModel.swift in Sources */,
				1CC4EFAA244731DE00D69C67 /* InputView.swift in Sources */,
				1CF225B6244B7D74005D510D /* MatchCell.swift in Sources */,
				1CEE8BDA2448B4BF007F2FDB /* UIView.swift in Sources */,
				1C4BAD74244F35C2008889CB /* FullForecastHeader.swift in Sources */,
				1C5612242457A17900D02DBB /* TitleWithColumnsHeader.swift in Sources */,
				1C56120D245646BD00D02DBB /* ForecastService.swift in Sources */,
				1C2CFC1D2451DFC300E1071F /* AuthService.swift in Sources */,
				1C5612292457C0CF00D02DBB /* MatchesViewController.swift in Sources */,
				1CA01F6F24521B1F0025FF4F /* MainTabBarController.swift in Sources */,
				1C43E2CD244B90FB002CF7EB /* Forecast.swift in Sources */,
				1C91348A2447A39C00AE4510 /* ErrorView.swift in Sources */,
				1C22EF442450884E00A7543D /* CommentsTableViewPresenter.swift in Sources */,
			);
			runOnlyForDeploymentPostprocessing = 0;
		};
/* End PBXSourcesBuildPhase section */

/* Begin PBXVariantGroup section */
		1CC4EF942447239300D69C67 /* LaunchScreen.storyboard */ = {
			isa = PBXVariantGroup;
			children = (
				1CC4EF952447239300D69C67 /* Base */,
				1CC4EFC4244736B700D69C67 /* ru */,
			);
			name = LaunchScreen.storyboard;
			sourceTree = "<group>";
		};
		1CC4EFD52447374300D69C67 /* Localizable.strings */ = {
			isa = PBXVariantGroup;
			children = (
				1CC4EFD42447374300D69C67 /* en */,
				1CC4EFD62447374700D69C67 /* ru */,
			);
			name = Localizable.strings;
			path = /Users/maximbezdenezhnykh/ios/bettingHub/iOS/BettingHub/BettingHub/Resources;
			sourceTree = "<absolute>";
		};
/* End PBXVariantGroup section */

/* Begin XCBuildConfiguration section */
		1CC4EF982447239300D69C67 /* Debug */ = {
			isa = XCBuildConfiguration;
			buildSettings = {
				ALWAYS_SEARCH_USER_PATHS = NO;
				CLANG_ANALYZER_LOCALIZABILITY_NONLOCALIZED = YES;
				CLANG_ANALYZER_NONNULL = YES;
				CLANG_ANALYZER_NUMBER_OBJECT_CONVERSION = YES_AGGRESSIVE;
				CLANG_CXX_LANGUAGE_STANDARD = "gnu++14";
				CLANG_CXX_LIBRARY = "libc++";
				CLANG_ENABLE_MODULES = YES;
				CLANG_ENABLE_OBJC_ARC = YES;
				CLANG_ENABLE_OBJC_WEAK = YES;
				CLANG_WARN_BLOCK_CAPTURE_AUTORELEASING = YES;
				CLANG_WARN_BOOL_CONVERSION = YES;
				CLANG_WARN_COMMA = YES;
				CLANG_WARN_CONSTANT_CONVERSION = YES;
				CLANG_WARN_DEPRECATED_OBJC_IMPLEMENTATIONS = YES;
				CLANG_WARN_DIRECT_OBJC_ISA_USAGE = YES_ERROR;
				CLANG_WARN_DOCUMENTATION_COMMENTS = YES;
				CLANG_WARN_EMPTY_BODY = YES;
				CLANG_WARN_ENUM_CONVERSION = YES;
				CLANG_WARN_INFINITE_RECURSION = YES;
				CLANG_WARN_INT_CONVERSION = YES;
				CLANG_WARN_NON_LITERAL_NULL_CONVERSION = YES;
				CLANG_WARN_OBJC_IMPLICIT_RETAIN_SELF = YES;
				CLANG_WARN_OBJC_LITERAL_CONVERSION = YES;
				CLANG_WARN_OBJC_ROOT_CLASS = YES_ERROR;
				CLANG_WARN_RANGE_LOOP_ANALYSIS = YES;
				CLANG_WARN_STRICT_PROTOTYPES = YES;
				CLANG_WARN_SUSPICIOUS_MOVE = YES;
				CLANG_WARN_UNGUARDED_AVAILABILITY = YES_AGGRESSIVE;
				CLANG_WARN_UNREACHABLE_CODE = YES;
				CLANG_WARN__DUPLICATE_METHOD_MATCH = YES;
				COPY_PHASE_STRIP = NO;
				DEBUG_INFORMATION_FORMAT = dwarf;
				ENABLE_STRICT_OBJC_MSGSEND = YES;
				ENABLE_TESTABILITY = YES;
				GCC_C_LANGUAGE_STANDARD = gnu11;
				GCC_DYNAMIC_NO_PIC = NO;
				GCC_NO_COMMON_BLOCKS = YES;
				GCC_OPTIMIZATION_LEVEL = 0;
				GCC_PREPROCESSOR_DEFINITIONS = (
					"DEBUG=1",
					"$(inherited)",
				);
				GCC_WARN_64_TO_32_BIT_CONVERSION = YES;
				GCC_WARN_ABOUT_RETURN_TYPE = YES_ERROR;
				GCC_WARN_UNDECLARED_SELECTOR = YES;
				GCC_WARN_UNINITIALIZED_AUTOS = YES_AGGRESSIVE;
				GCC_WARN_UNUSED_FUNCTION = YES;
				GCC_WARN_UNUSED_VARIABLE = YES;
				IPHONEOS_DEPLOYMENT_TARGET = 10.0;
				MTL_ENABLE_DEBUG_INFO = INCLUDE_SOURCE;
				MTL_FAST_MATH = YES;
				ONLY_ACTIVE_ARCH = YES;
				SDKROOT = iphoneos;
				SWIFT_ACTIVE_COMPILATION_CONDITIONS = DEBUG;
				SWIFT_OPTIMIZATION_LEVEL = "-Onone";
			};
			name = Debug;
		};
		1CC4EF992447239300D69C67 /* Release */ = {
			isa = XCBuildConfiguration;
			buildSettings = {
				ALWAYS_SEARCH_USER_PATHS = NO;
				CLANG_ANALYZER_LOCALIZABILITY_NONLOCALIZED = YES;
				CLANG_ANALYZER_NONNULL = YES;
				CLANG_ANALYZER_NUMBER_OBJECT_CONVERSION = YES_AGGRESSIVE;
				CLANG_CXX_LANGUAGE_STANDARD = "gnu++14";
				CLANG_CXX_LIBRARY = "libc++";
				CLANG_ENABLE_MODULES = YES;
				CLANG_ENABLE_OBJC_ARC = YES;
				CLANG_ENABLE_OBJC_WEAK = YES;
				CLANG_WARN_BLOCK_CAPTURE_AUTORELEASING = YES;
				CLANG_WARN_BOOL_CONVERSION = YES;
				CLANG_WARN_COMMA = YES;
				CLANG_WARN_CONSTANT_CONVERSION = YES;
				CLANG_WARN_DEPRECATED_OBJC_IMPLEMENTATIONS = YES;
				CLANG_WARN_DIRECT_OBJC_ISA_USAGE = YES_ERROR;
				CLANG_WARN_DOCUMENTATION_COMMENTS = YES;
				CLANG_WARN_EMPTY_BODY = YES;
				CLANG_WARN_ENUM_CONVERSION = YES;
				CLANG_WARN_INFINITE_RECURSION = YES;
				CLANG_WARN_INT_CONVERSION = YES;
				CLANG_WARN_NON_LITERAL_NULL_CONVERSION = YES;
				CLANG_WARN_OBJC_IMPLICIT_RETAIN_SELF = YES;
				CLANG_WARN_OBJC_LITERAL_CONVERSION = YES;
				CLANG_WARN_OBJC_ROOT_CLASS = YES_ERROR;
				CLANG_WARN_RANGE_LOOP_ANALYSIS = YES;
				CLANG_WARN_STRICT_PROTOTYPES = YES;
				CLANG_WARN_SUSPICIOUS_MOVE = YES;
				CLANG_WARN_UNGUARDED_AVAILABILITY = YES_AGGRESSIVE;
				CLANG_WARN_UNREACHABLE_CODE = YES;
				CLANG_WARN__DUPLICATE_METHOD_MATCH = YES;
				COPY_PHASE_STRIP = NO;
				DEBUG_INFORMATION_FORMAT = "dwarf-with-dsym";
				ENABLE_NS_ASSERTIONS = NO;
				ENABLE_STRICT_OBJC_MSGSEND = YES;
				GCC_C_LANGUAGE_STANDARD = gnu11;
				GCC_NO_COMMON_BLOCKS = YES;
				GCC_WARN_64_TO_32_BIT_CONVERSION = YES;
				GCC_WARN_ABOUT_RETURN_TYPE = YES_ERROR;
				GCC_WARN_UNDECLARED_SELECTOR = YES;
				GCC_WARN_UNINITIALIZED_AUTOS = YES_AGGRESSIVE;
				GCC_WARN_UNUSED_FUNCTION = YES;
				GCC_WARN_UNUSED_VARIABLE = YES;
				IPHONEOS_DEPLOYMENT_TARGET = 10.0;
				MTL_ENABLE_DEBUG_INFO = NO;
				MTL_FAST_MATH = YES;
				SDKROOT = iphoneos;
				SWIFT_COMPILATION_MODE = wholemodule;
				SWIFT_OPTIMIZATION_LEVEL = "-O";
				VALIDATE_PRODUCT = YES;
			};
			name = Release;
		};
		1CC4EF9B2447239300D69C67 /* Debug */ = {
			isa = XCBuildConfiguration;
			baseConfigurationReference = BCF48A15E2485EA03FC824DA /* Pods-BettingHub.debug.xcconfig */;
			buildSettings = {
				ASSETCATALOG_COMPILER_APPICON_NAME = AppIcon;
				CODE_SIGN_IDENTITY = "Apple Development";
				CODE_SIGN_STYLE = Automatic;
				DEVELOPMENT_TEAM = BEZVYLYFD7;
				INFOPLIST_FILE = BettingHub/App/Info.plist;
				LD_RUNPATH_SEARCH_PATHS = (
					"$(inherited)",
					"@executable_path/Frameworks",
				);
				PRODUCT_BUNDLE_IDENTIFIER = vk.app.Bhub;
				PRODUCT_NAME = "$(TARGET_NAME)";
				PROVISIONING_PROFILE_SPECIFIER = "";
				SWIFT_VERSION = 5.0;
				TARGETED_DEVICE_FAMILY = 1;
			};
			name = Debug;
		};
		1CC4EF9C2447239300D69C67 /* Release */ = {
			isa = XCBuildConfiguration;
			baseConfigurationReference = 5CCA83A745208C2A7BBA9496 /* Pods-BettingHub.release.xcconfig */;
			buildSettings = {
				ASSETCATALOG_COMPILER_APPICON_NAME = AppIcon;
				CODE_SIGN_IDENTITY = "Apple Development";
				CODE_SIGN_STYLE = Automatic;
				DEVELOPMENT_TEAM = BEZVYLYFD7;
				INFOPLIST_FILE = BettingHub/App/Info.plist;
				LD_RUNPATH_SEARCH_PATHS = (
					"$(inherited)",
					"@executable_path/Frameworks",
				);
				PRODUCT_BUNDLE_IDENTIFIER = vk.app.Bhub;
				PRODUCT_NAME = "$(TARGET_NAME)";
				PROVISIONING_PROFILE_SPECIFIER = "";
				SWIFT_VERSION = 5.0;
				TARGETED_DEVICE_FAMILY = 1;
			};
			name = Release;
		};
/* End XCBuildConfiguration section */

/* Begin XCConfigurationList section */
		1CC4EF812447238D00D69C67 /* Build configuration list for PBXProject "BettingHub" */ = {
			isa = XCConfigurationList;
			buildConfigurations = (
				1CC4EF982447239300D69C67 /* Debug */,
				1CC4EF992447239300D69C67 /* Release */,
			);
			defaultConfigurationIsVisible = 0;
			defaultConfigurationName = Release;
		};
		1CC4EF9A2447239300D69C67 /* Build configuration list for PBXNativeTarget "BettingHub" */ = {
			isa = XCConfigurationList;
			buildConfigurations = (
				1CC4EF9B2447239300D69C67 /* Debug */,
				1CC4EF9C2447239300D69C67 /* Release */,
			);
			defaultConfigurationIsVisible = 0;
			defaultConfigurationName = Release;
		};
/* End XCConfigurationList section */
	};
	rootObject = 1CC4EF7E2447238D00D69C67 /* Project object */;
}
